
Microsoft Visual Studio Solution File, Format Version 12.00
# Visual Studio Version 16
VisualStudioVersion = 16.0.30907.101
MinimumVisualStudioVersion = 10.0.40219.1
Project("{FAE04EC0-301F-11D3-BF4B-00C04F79EFBC}") = "Entities", "Entities\Entities.csproj", "{53ED2C35-9DFC-4A8F-8617-FA1DC10C00BA}"
EndProject
Project("{FAE04EC0-301F-11D3-BF4B-00C04F79EFBC}") = "DataAccess", "DataAccess\DataAccess.csproj", "{75B4159B-E4B5-4976-B377-4AF986828CFE}"
EndProject
Project("{FAE04EC0-301F-11D3-BF4B-00C04F79EFBC}") = "Business", "Business\Business.csproj", "{AFDCBB8D-684D-4FD2-B38C-83F0729BB415}"
EndProject
Project("{FAE04EC0-301F-11D3-BF4B-00C04F79EFBC}") = "ConsoleUI1", "ConsoleUI1\ConsoleUI1.csproj", "{3F2FC962-5BE3-4F51-BDFC-0B3F9A8D3B6D}"
EndProject
Global
	GlobalSection(SolutionConfigurationPlatforms) = preSolution
		Debug|Any CPU = Debug|Any CPU
		Release|Any CPU = Release|Any CPU
	EndGlobalSection
	GlobalSection(ProjectConfigurationPlatforms) = postSolution
		{53ED2C35-9DFC-4A8F-8617-FA1DC10C00BA}.Debug|Any CPU.ActiveCfg = Debug|Any CPU
		{53ED2C35-9DFC-4A8F-8617-FA1DC10C00BA}.Debug|Any CPU.Build.0 = Debug|Any CPU
		{53ED2C35-9DFC-4A8F-8617-FA1DC10C00BA}.Release|Any CPU.ActiveCfg = Release|Any CPU
		{53ED2C35-9DFC-4A8F-8617-FA1DC10C00BA}.Release|Any CPU.Build.0 = Release|Any CPU
		{75B4159B-E4B5-4976-B377-4AF986828CFE}.Debug|Any CPU.ActiveCfg = Debug|Any CPU
		{75B4159B-E4B5-4976-B377-4AF986828CFE}.Debug|Any CPU.Build.0 = Debug|Any CPU
		{75B4159B-E4B5-4976-B377-4AF986828CFE}.Release|Any CPU.ActiveCfg = Release|Any CPU
		{75B4159B-E4B5-4976-B377-4AF986828CFE}.Release|Any CPU.Build.0 = Release|Any CPU
		{AFDCBB8D-684D-4FD2-B38C-83F0729BB415}.Debug|Any CPU.ActiveCfg = Debug|Any CPU
		{AFDCBB8D-684D-4FD2-B38C-83F0729BB415}.Debug|Any CPU.Build.0 = Debug|Any CPU
		{AFDCBB8D-684D-4FD2-B38C-83F0729BB415}.Release|Any CPU.ActiveCfg = Release|Any CPU
		{AFDCBB8D-684D-4FD2-B38C-83F0729BB415}.Release|Any CPU.Build.0 = Release|Any CPU
		{3F2FC962-5BE3-4F51-BDFC-0B3F9A8D3B6D}.Debug|Any CPU.ActiveCfg = Debug|Any CPU
		{3F2FC962-5BE3-4F51-BDFC-0B3F9A8D3B6D}.Debug|Any CPU.Build.0 = Debug|Any CPU
		{3F2FC962-5BE3-4F51-BDFC-0B3F9A8D3B6D}.Release|Any CPU.ActiveCfg = Release|Any CPU
		{3F2FC962-5BE3-4F51-BDFC-0B3F9A8D3B6D}.Release|Any CPU.Build.0 = Release|Any CPU
	EndGlobalSection
	GlobalSection(SolutionProperties) = preSolution
		HideSolutionNode = FALSE
	EndGlobalSection
	GlobalSection(ExtensibilityGlobals) = postSolution
		SolutionGuid = {AD23494B-F628-41A0-8F3C-CEA7A4E9D9EE}
	EndGlobalSection
EndGlobal
